
Microsoft Visual Studio Solution File, Format Version 12.00
# Visual Studio 15
VisualStudioVersion = 15.0.27004.2002
MinimumVisualStudioVersion = 10.0.40219.1
Project("{9A19103F-16F7-4668-BE54-9A1E7A4F7556}") = "Nextekk.MomPop.Web", "Nextekk.MomPop.Web\Nextekk.MomPop.Web.csproj", "{BBBD910F-08D4-4F79-940F-62972749C227}"
EndProject
Project("{FAE04EC0-301F-11D3-BF4B-00C04F79EFBC}") = "Nextekk.MomPop.Core", "Nextekk.MomPop.Core\Nextekk.MomPop.Core.csproj", "{FBA8C5C4-0610-462B-A318-76B5466B8F35}"
EndProject
Project("{FAE04EC0-301F-11D3-BF4B-00C04F79EFBC}") = "Nextekk.MomPop.Business", "Nextekk.MomPop.Business\Nextekk.MomPop.Business.csproj", "{CB92CD56-7FDB-471E-A647-09DBA237F438}"
EndProject
Global
	GlobalSection(SolutionConfigurationPlatforms) = preSolution
		Debug|Any CPU = Debug|Any CPU
		Release|Any CPU = Release|Any CPU
	EndGlobalSection
	GlobalSection(ProjectConfigurationPlatforms) = postSolution
		{BBBD910F-08D4-4F79-940F-62972749C227}.Debug|Any CPU.ActiveCfg = Debug|Any CPU
		{BBBD910F-08D4-4F79-940F-62972749C227}.Debug|Any CPU.Build.0 = Debug|Any CPU
		{BBBD910F-08D4-4F79-940F-62972749C227}.Release|Any CPU.ActiveCfg = Release|Any CPU
		{BBBD910F-08D4-4F79-940F-62972749C227}.Release|Any CPU.Build.0 = Release|Any CPU
		{FBA8C5C4-0610-462B-A318-76B5466B8F35}.Debug|Any CPU.ActiveCfg = Debug|Any CPU
		{FBA8C5C4-0610-462B-A318-76B5466B8F35}.Debug|Any CPU.Build.0 = Debug|Any CPU
		{FBA8C5C4-0610-462B-A318-76B5466B8F35}.Release|Any CPU.ActiveCfg = Release|Any CPU
		{FBA8C5C4-0610-462B-A318-76B5466B8F35}.Release|Any CPU.Build.0 = Release|Any CPU
		{CB92CD56-7FDB-471E-A647-09DBA237F438}.Debug|Any CPU.ActiveCfg = Debug|Any CPU
		{CB92CD56-7FDB-471E-A647-09DBA237F438}.Debug|Any CPU.Build.0 = Debug|Any CPU
		{CB92CD56-7FDB-471E-A647-09DBA237F438}.Release|Any CPU.ActiveCfg = Release|Any CPU
		{CB92CD56-7FDB-471E-A647-09DBA237F438}.Release|Any CPU.Build.0 = Release|Any CPU
	EndGlobalSection
	GlobalSection(SolutionProperties) = preSolution
		HideSolutionNode = FALSE
	EndGlobalSection
	GlobalSection(ExtensibilityGlobals) = postSolution
		SolutionGuid = {999F325C-F6A2-4597-B3DB-0951DFD25A46}
	EndGlobalSection
EndGlobal
